// !$*UTF8*$!
{
	archiveVersion = 1;
	classes = {
	};
	objectVersion = 46;
	objects = {

/* Begin PBXBuildFile section */
		90A1FAAC1E93260C00940B68 /* AppDelegate.swift in Sources */ = {isa = PBXBuildFile; fileRef = 90A1FAAB1E93260C00940B68 /* AppDelegate.swift */; };
		90A1FAB11E93260C00940B68 /* Main.storyboard in Resources */ = {isa = PBXBuildFile; fileRef = 90A1FAAF1E93260C00940B68 /* Main.storyboard */; };
		90A1FAB31E93260C00940B68 /* Assets.xcassets in Resources */ = {isa = PBXBuildFile; fileRef = 90A1FAB21E93260C00940B68 /* Assets.xcassets */; };
		90A1FAB61E93260C00940B68 /* LaunchScreen.storyboard in Resources */ = {isa = PBXBuildFile; fileRef = 90A1FAB41E93260C00940B68 /* LaunchScreen.storyboard */; };
		90A1FABE1E93271D00940B68 /* moviesViewController.swift in Sources */ = {isa = PBXBuildFile; fileRef = 90A1FABD1E93271D00940B68 /* moviesViewController.swift */; };
		90A1FAC01E94813B00940B68 /* MovieDetailsViewController.swift in Sources */ = {isa = PBXBuildFile; fileRef = 90A1FABF1E94813B00940B68 /* MovieDetailsViewController.swift */; };
		CDEEF6E51E51F7394829F452 /* Pods_whatsAtMovies.framework in Frameworks */ = {isa = PBXBuildFile; fileRef = 28C665A25D4A78A0AC89BEE3 /* Pods_whatsAtMovies.framework */; };
/* End PBXBuildFile section */

/* Begin PBXFileReference section */
		28C665A25D4A78A0AC89BEE3 /* Pods_whatsAtMovies.framework */ = {isa = PBXFileReference; explicitFileType = wrapper.framework; includeInIndex = 0; path = Pods_whatsAtMovies.framework; sourceTree = BUILT_PRODUCTS_DIR; };
		90A1FAA81E93260C00940B68 /* whatsAtMovies.app */ = {isa = PBXFileReference; explicitFileType = wrapper.application; includeInIndex = 0; path = whatsAtMovies.app; sourceTree = BUILT_PRODUCTS_DIR; };
		90A1FAAB1E93260C00940B68 /* AppDelegate.swift */ = {isa = PBXFileReference; lastKnownFileType = sourcecode.swift; path = AppDelegate.swift; sourceTree = "<group>"; };
		90A1FAB01E93260C00940B68 /* Base */ = {isa = PBXFileReference; lastKnownFileType = file.storyboard; name = Base; path = Base.lproj/Main.storyboard; sourceTree = "<group>"; };
		90A1FAB21E93260C00940B68 /* Assets.xcassets */ = {isa = PBXFileReference; lastKnownFileType = folder.assetcatalog; path = Assets.xcassets; sourceTree = "<group>"; };
		90A1FAB51E93260C00940B68 /* Base */ = {isa = PBXFileReference; lastKnownFileType = file.storyboard; name = Base; path = Base.lproj/LaunchScreen.storyboard; sourceTree = "<group>"; };
		90A1FAB71E93260C00940B68 /* Info.plist */ = {isa = PBXFileReference; lastKnownFileType = text.plist.xml; path = Info.plist; sourceTree = "<group>"; };
		90A1FABD1E93271D00940B68 /* moviesViewController.swift */ = {isa = PBXFileReference; fileEncoding = 4; lastKnownFileType = sourcecode.swift; path = moviesViewController.swift; sourceTree = "<group>"; };
		90A1FABF1E94813B00940B68 /* MovieDetailsViewController.swift */ = {isa = PBXFileReference; fileEncoding = 4; lastKnownFileType = sourcecode.swift; path = MovieDetailsViewController.swift; sourceTree = "<group>"; };
		A953FEBA0C48A1E36C34B229 /* Pods-whatsAtMovies.debug.xcconfig */ = {isa = PBXFileReference; includeInIndex = 1; lastKnownFileType = text.xcconfig; name = "Pods-whatsAtMovies.debug.xcconfig"; path = "Pods/Target Support Files/Pods-whatsAtMovies/Pods-whatsAtMovies.debug.xcconfig"; sourceTree = "<group>"; };
		E314D6CEE26BC64801EF2139 /* Pods-whatsAtMovies.release.xcconfig */ = {isa = PBXFileReference; includeInIndex = 1; lastKnownFileType = text.xcconfig; name = "Pods-whatsAtMovies.release.xcconfig"; path = "Pods/Target Support Files/Pods-whatsAtMovies/Pods-whatsAtMovies.release.xcconfig"; sourceTree = "<group>"; };
/* End PBXFileReference section */

/* Begin PBXFrameworksBuildPhase section */
		90A1FAA51E93260C00940B68 /* Frameworks */ = {
			isa = PBXFrameworksBuildPhase;
			buildActionMask = 2147483647;
			files = (
				CDEEF6E51E51F7394829F452 /* Pods_whatsAtMovies.framework in Frameworks */,
			);
			runOnlyForDeploymentPostprocessing = 0;
		};
/* End PBXFrameworksBuildPhase section */

/* Begin PBXGroup section */
		106E80AD18586BA7C227CAEA /* Pods */ = {
			isa = PBXGroup;
			children = (
				A953FEBA0C48A1E36C34B229 /* Pods-whatsAtMovies.debug.xcconfig */,
				E314D6CEE26BC64801EF2139 /* Pods-whatsAtMovies.release.xcconfig */,
			);
			name = Pods;
			sourceTree = "<group>";
		};
		2D63E97C631A19662CEC3894 /* Frameworks */ = {
			isa = PBXGroup;
			children = (
				28C665A25D4A78A0AC89BEE3 /* Pods_whatsAtMovies.framework */,
			);
			name = Frameworks;
			sourceTree = "<group>";
		};
		90A1FA9F1E93260C00940B68 = {
			isa = PBXGroup;
			children = (
				90A1FAAA1E93260C00940B68 /* whatsAtMovies */,
				90A1FAA91E93260C00940B68 /* Products */,
				106E80AD18586BA7C227CAEA /* Pods */,
				2D63E97C631A19662CEC3894 /* Frameworks */,
			);
			sourceTree = "<group>";
		};
		90A1FAA91E93260C00940B68 /* Products */ = {
			isa = PBXGroup;
			children = (
				90A1FAA81E93260C00940B68 /* whatsAtMovies.app */,
			);
			name = Products;
			sourceTree = "<group>";
		};
		90A1FAAA1E93260C00940B68 /* whatsAtMovies */ = {
			isa = PBXGroup;
			children = (
				90A1FAAB1E93260C00940B68 /* AppDelegate.swift */,
				90A1FAAF1E93260C00940B68 /* Main.storyboard */,
				90A1FAB21E93260C00940B68 /* Assets.xcassets */,
				90A1FAB41E93260C00940B68 /* LaunchScreen.storyboard */,
				90A1FAB71E93260C00940B68 /* Info.plist */,
				90A1FABD1E93271D00940B68 /* moviesViewController.swift */,
				90A1FABF1E94813B00940B68 /* MovieDetailsViewController.swift */,
			);
			path = whatsAtMovies;
			sourceTree = "<group>";
		};
/* End PBXGroup section */

/* Begin PBXNativeTarget section */
		90A1FAA71E93260C00940B68 /* whatsAtMovies */ = {
			isa = PBXNativeTarget;
			buildConfigurationList = 90A1FABA1E93260C00940B68 /* Build configuration list for PBXNativeTarget "whatsAtMovies" */;
			buildPhases = (
				7FDFE9AA0CD32B536013F685 /* [CP] Check Pods Manifest.lock */,
				90A1FAA41E93260C00940B68 /* Sources */,
				90A1FAA51E93260C00940B68 /* Frameworks */,
				90A1FAA61E93260C00940B68 /* Resources */,
				88901F7AF8035898A435480D /* [CP] Embed Pods Frameworks */,
				6F67E84A03900926BD461B33 /* [CP] Copy Pods Resources */,
			);
			buildRules = (
			);
			dependencies = (
			);
			name = whatsAtMovies;
			productName = whatsAtMovies;
			productReference = 90A1FAA81E93260C00940B68 /* whatsAtMovies.app */;
			productType = "com.apple.product-type.application";
		};
/* End PBXNativeTarget section */

/* Begin PBXProject section */
		90A1FAA01E93260C00940B68 /* Project object */ = {
			isa = PBXProject;
			attributes = {
				LastSwiftUpdateCheck = 0830;
				LastUpgradeCheck = 0830;
				ORGANIZATIONNAME = "Bhalla, Kapil";
				TargetAttributes = {
					90A1FAA71E93260C00940B68 = {
						CreatedOnToolsVersion = 8.3;
						ProvisioningStyle = Automatic;
					};
				};
			};
			buildConfigurationList = 90A1FAA31E93260C00940B68 /* Build configuration list for PBXProject "whatsAtMovies" */;
			compatibilityVersion = "Xcode 3.2";
			developmentRegion = English;
			hasScannedForEncodings = 0;
			knownRegions = (
				en,
				Base,
			);
			mainGroup = 90A1FA9F1E93260C00940B68;
			productRefGroup = 90A1FAA91E93260C00940B68 /* Products */;
			projectDirPath = "";
			projectRoot = "";
			targets = (
				90A1FAA71E93260C00940B68 /* whatsAtMovies */,
			);
		};
/* End PBXProject section */

/* Begin PBXResourcesBuildPhase section */
		90A1FAA61E93260C00940B68 /* Resources */ = {
			isa = PBXResourcesBuildPhase;
			buildActionMask = 2147483647;
			files = (
				90A1FAB61E93260C00940B68 /* LaunchScreen.storyboard in Resources */,
				90A1FAB31E93260C00940B68 /* Assets.xcassets in Resources */,
				90A1FAB11E93260C00940B68 /* Main.storyboard in Resources */,
			);
			runOnlyForDeploymentPostprocessing = 0;
		};
/* End PBXResourcesBuildPhase section */

/* Begin PBXShellScriptBuildPhase section */
		6F67E84A03900926BD461B33 /* [CP] Copy Pods Resources */ = {
			isa = PBXShellScriptBuildPhase;
			buildActionMask = 2147483647;
			files = (
			);
			inputPaths = (
			);
			name = "[CP] Copy Pods Resources";
			outputPaths = (
			);
			runOnlyForDeploymentPostprocessing = 0;
			shellPath = /bin/sh;
			shellScript = "\"${SRCROOT}/Pods/Target Support Files/Pods-whatsAtMovies/Pods-whatsAtMovies-resources.sh\"\n";
			showEnvVarsInLog = 0;
		};
		7FDFE9AA0CD32B536013F685 /* [CP] Check Pods Manifest.lock */ = {
			isa = PBXShellScriptBuildPhase;
			buildActionMask = 2147483647;
			files = (
			);
			inputPaths = (
			);
			name = "[CP] Check Pods Manifest.lock";
			outputPaths = (
			);
			runOnlyForDeploymentPostprocessing = 0;
			shellPath = /bin/sh;
			shellScript = "diff \"${PODS_ROOT}/../Podfile.lock\" \"${PODS_ROOT}/Manifest.lock\" > /dev/null\nif [ $? != 0 ] ; then\n    # print error to STDERR\n    echo \"error: The sandbox is not in sync with the Podfile.lock. Run 'pod install' or update your CocoaPods installation.\" >&2\n    exit 1\nfi\n";
			showEnvVarsInLog = 0;
		};
		88901F7AF8035898A435480D /* [CP] Embed Pods Frameworks */ = {
			isa = PBXShellScriptBuildPhase;
			buildActionMask = 2147483647;
			files = (
			);
			inputPaths = (
			);
			name = "[CP] Embed Pods Frameworks";
			outputPaths = (
			);
			runOnlyForDeploymentPostprocessing = 0;
			shellPath = /bin/sh;
			shellScript = "\"${SRCROOT}/Pods/Target Support Files/Pods-whatsAtMovies/Pods-whatsAtMovies-frameworks.sh\"\n";
			showEnvVarsInLog = 0;
		};
/* End PBXShellScriptBuildPhase section */

/* Begin PBXSourcesBuildPhase section */
		90A1FAA41E93260C00940B68 /* Sources */ = {
			isa = PBXSourcesBuildPhase;
			buildActionMask = 2147483647;
			files = (
				90A1FAAC1E93260C00940B68 /* AppDelegate.swift in Sources */,
				90A1FABE1E93271D00940B68 /* moviesViewController.swift in Sources */,
				90A1FAC01E94813B00940B68 /* MovieDetailsViewController.swift in Sources */,
			);
			runOnlyForDeploymentPostprocessing = 0;
		};
/* End PBXSourcesBuildPhase section */

/* Begin PBXVariantGroup section */
		90A1FAAF1E93260C00940B68 /* Main.storyboard */ = {
			isa = PBXVariantGroup;
			children = (
				90A1FAB01E93260C00940B68 /* Base */,
			);
			name = Main.storyboard;
			sourceTree = "<group>";
		};
		90A1FAB41E93260C00940B68 /* LaunchScreen.storyboard */ = {
			isa = PBXVariantGroup;
			children = (
				90A1FAB51E93260C00940B68 /* Base */,
			);
			name = LaunchScreen.storyboard;
			sourceTree = "<group>";
		};
/* End PBXVariantGroup section */

/* Begin XCBuildConfiguration section */
		90A1FAB81E93260C00940B68 /* Debug */ = {
			isa = XCBuildConfiguration;
			buildSettings = {
				ALWAYS_SEARCH_USER_PATHS = NO;
				CLANG_ANALYZER_NONNULL = YES;
				CLANG_ANALYZER_NUMBER_OBJECT_CONVERSION = YES_AGGRESSIVE;
				CLANG_CXX_LANGUAGE_STANDARD = "gnu++0x";
				CLANG_CXX_LIBRARY = "libc++";
				CLANG_ENABLE_MODULES = YES;
				CLANG_ENABLE_OBJC_ARC = YES;
				CLANG_WARN_BOOL_CONVERSION = YES;
				CLANG_WARN_CONSTANT_CONVERSION = YES;
				CLANG_WARN_DIRECT_OBJC_ISA_USAGE = YES_ERROR;
				CLANG_WARN_DOCUMENTATION_COMMENTS = YES;
				CLANG_WARN_EMPTY_BODY = YES;
				CLANG_WARN_ENUM_CONVERSION = YES;
				CLANG_WARN_INFINITE_RECURSION = YES;
				CLANG_WARN_INT_CONVERSION = YES;
				CLANG_WARN_OBJC_ROOT_CLASS = YES_ERROR;
				CLANG_WARN_SUSPICIOUS_MOVE = YES;
				CLANG_WARN_UNREACHABLE_CODE = YES;
				CLANG_WARN__DUPLICATE_METHOD_MATCH = YES;
				"CODE_SIGN_IDENTITY[sdk=iphoneos*]" = "iPhone Developer";
				COPY_PHASE_STRIP = NO;
				DEBUG_INFORMATION_FORMAT = dwarf;
				ENABLE_STRICT_OBJC_MSGSEND = YES;
				ENABLE_TESTABILITY = YES;
				GCC_C_LANGUAGE_STANDARD = gnu99;
				GCC_DYNAMIC_NO_PIC = NO;
				GCC_NO_COMMON_BLOCKS = YES;
				GCC_OPTIMIZATION_LEVEL = 0;
				GCC_PREPROCESSOR_DEFINITIONS = (
					"DEBUG=1",
					"$(inherited)",
				);
				GCC_WARN_64_TO_32_BIT_CONVERSION = YES;
				GCC_WARN_ABOUT_RETURN_TYPE = YES_ERROR;
				GCC_WARN_UNDECLARED_SELECTOR = YES;
				GCC_WARN_UNINITIALIZED_AUTOS = YES_AGGRESSIVE;
				GCC_WARN_UNUSED_FUNCTION = YES;
				GCC_WARN_UNUSED_VARIABLE = YES;
				IPHONEOS_DEPLOYMENT_TARGET = 10.3;
				MTL_ENABLE_DEBUG_INFO = YES;
				ONLY_ACTIVE_ARCH = YES;
				SDKROOT = iphoneos;
				SWIFT_ACTIVE_COMPILATION_CONDITIONS = DEBUG;
				SWIFT_OPTIMIZATION_LEVEL = "-Onone";
			};
			name = Debug;
		};
		90A1FAB91E93260C00940B68 /* Release */ = {
			isa = XCBuildConfiguration;
			buildSettings = {
				ALWAYS_SEARCH_USER_PATHS = NO;
				CLANG_ANALYZER_NONNULL = YES;
				CLANG_ANALYZER_NUMBER_OBJECT_CONVERSION = YES_AGGRESSIVE;
				CLANG_CXX_LANGUAGE_STANDARD = "gnu++0x";
				CLANG_CXX_LIBRARY = "libc++";
				CLANG_ENABLE_MODULES = YES;
				CLANG_ENABLE_OBJC_ARC = YES;
				CLANG_WARN_BOOL_CONVERSION = YES;
				CLANG_WARN_CONSTANT_CONVERSION = YES;
				CLANG_WARN_DIRECT_OBJC_ISA_USAGE = YES_ERROR;
				CLANG_WARN_DOCUMENTATION_COMMENTS = YES;
				CLANG_WARN_EMPTY_BODY = YES;
				CLANG_WARN_ENUM_CONVERSION = YES;
				CLANG_WARN_INFINITE_RECURSION = YES;
				CLANG_WARN_INT_CONVERSION = YES;
				CLANG_WARN_OBJC_ROOT_CLASS = YES_ERROR;
				CLANG_WARN_SUSPICIOUS_MOVE = YES;
				CLANG_WARN_UNREACHABLE_CODE = YES;
				CLANG_WARN__DUPLICATE_METHOD_MATCH = YES;
				"CODE_SIGN_IDENTITY[sdk=iphoneos*]" = "iPhone Developer";
				COPY_PHASE_STRIP = NO;
				DEBUG_INFORMATION_FORMAT = "dwarf-with-dsym";
				ENABLE_NS_ASSERTIONS = NO;
				ENABLE_STRICT_OBJC_MSGSEND = YES;
				GCC_C_LANGUAGE_STANDARD = gnu99;
				GCC_NO_COMMON_BLOCKS = YES;
				GCC_WARN_64_TO_32_BIT_CONVERSION = YES;
				GCC_WARN_ABOUT_RETURN_TYPE = YES_ERROR;
				GCC_WARN_UNDECLARED_SELECTOR = YES;
				GCC_WARN_UNINITIALIZED_AUTOS = YES_AGGRESSIVE;
				GCC_WARN_UNUSED_FUNCTION = YES;
				GCC_WARN_UNUSED_VARIABLE = YES;
				IPHONEOS_DEPLOYMENT_TARGET = 10.3;
				MTL_ENABLE_DEBUG_INFO = NO;
				SDKROOT = iphoneos;
				SWIFT_OPTIMIZATION_LEVEL = "-Owholemodule";
				VALIDATE_PRODUCT = YES;
			};
			name = Release;
		};
		90A1FABB1E93260C00940B68 /* Debug */ = {
			isa = XCBuildConfiguration;
			baseConfigurationReference = A953FEBA0C48A1E36C34B229 /* Pods-whatsAtMovies.debug.xcconfig */;
			buildSettings = {
				ASSETCATALOG_COMPILER_APPICON_NAME = AppIcon;
				INFOPLIST_FILE = whatsAtMovies/Info.plist;
				LD_RUNPATH_SEARCH_PATHS = "$(inherited) @executable_path/Frameworks";
				PRODUCT_BUNDLE_IDENTIFIER = intuit.mv.whatsAtMovies;
				PRODUCT_NAME = "$(TARGET_NAME)";
				SWIFT_VERSION = 3.0;
			};
			name = Debug;
		};
		90A1FABC1E93260C00940B68 /* Release */ = {
			isa = XCBuildConfiguration;
			baseConfigurationReference = E314D6CEE26BC64801EF2139 /* Pods-whatsAtMovies.release.xcconfig */;
			buildSettings = {
				ASSETCATALOG_COMPILER_APPICON_NAME = AppIcon;
				INFOPLIST_FILE = whatsAtMovies/Info.plist;
				LD_RUNPATH_SEARCH_PATHS = "$(inherited) @executable_path/Frameworks";
				PRODUCT_BUNDLE_IDENTIFIER = intuit.mv.whatsAtMovies;
				PRODUCT_NAME = "$(TARGET_NAME)";
				SWIFT_VERSION = 3.0;
			};
			name = Release;
		};
/* End XCBuildConfiguration section */

/* Begin XCConfigurationList section */
		90A1FAA31E93260C00940B68 /* Build configuration list for PBXProject "whatsAtMovies" */ = {
			isa = XCConfigurationList;
			buildConfigurations = (
				90A1FAB81E93260C00940B68 /* Debug */,
				90A1FAB91E93260C00940B68 /* Release */,
			);
			defaultConfigurationIsVisible = 0;
			defaultConfigurationName = Release;
		};
		90A1FABA1E93260C00940B68 /* Build configuration list for PBXNativeTarget "whatsAtMovies" */ = {
			isa = XCConfigurationList;
			buildConfigurations = (
				90A1FABB1E93260C00940B68 /* Debug */,
				90A1FABC1E93260C00940B68 /* Release */,
			);
			defaultConfigurationIsVisible = 0;
			defaultConfigurationName = Release;
		};
/* End XCConfigurationList section */
	};
	rootObject = 90A1FAA01E93260C00940B68 /* Project object */;
}
